
Microsoft Visual Studio Solution File, Format Version 12.00
# Visual Studio Version 17
VisualStudioVersion = 17.1.32328.378
MinimumVisualStudioVersion = 10.0.40219.1
Project("{9A19103F-16F7-4668-BE54-9A1E7A4F7556}") = "Day1", "Day1\Day1.csproj", "{93122398-DB73-4237-8CA6-66E57A1525BD}"
EndProject
Project("{FAE04EC0-301F-11D3-BF4B-00C04F79EFBC}") = "Day2", "Day2\Day2.csproj", "{821BAD34-E725-4008-8732-D718BD70084C}"
EndProject
Project("{FAE04EC0-301F-11D3-BF4B-00C04F79EFBC}") = "Day3", "Day3\Day3.csproj", "{38BF2B21-5EA7-4A88-8269-1AAFDA5E9F09}"
EndProject
Project("{FAE04EC0-301F-11D3-BF4B-00C04F79EFBC}") = "Day3SampleApp", "Day3SampleApp\Day3SampleApp.csproj", "{0427D923-83FE-4C5C-8AE5-30533A6FACC8}"
EndProject
Global
	GlobalSection(SolutionConfigurationPlatforms) = preSolution
		Debug|Any CPU = Debug|Any CPU
		Release|Any CPU = Release|Any CPU
	EndGlobalSection
	GlobalSection(ProjectConfigurationPlatforms) = postSolution
		{93122398-DB73-4237-8CA6-66E57A1525BD}.Debug|Any CPU.ActiveCfg = Debug|Any CPU
		{93122398-DB73-4237-8CA6-66E57A1525BD}.Debug|Any CPU.Build.0 = Debug|Any CPU
		{93122398-DB73-4237-8CA6-66E57A1525BD}.Release|Any CPU.ActiveCfg = Release|Any CPU
		{93122398-DB73-4237-8CA6-66E57A1525BD}.Release|Any CPU.Build.0 = Release|Any CPU
		{821BAD34-E725-4008-8732-D718BD70084C}.Debug|Any CPU.ActiveCfg = Debug|Any CPU
		{821BAD34-E725-4008-8732-D718BD70084C}.Debug|Any CPU.Build.0 = Debug|Any CPU
		{821BAD34-E725-4008-8732-D718BD70084C}.Release|Any CPU.ActiveCfg = Release|Any CPU
		{821BAD34-E725-4008-8732-D718BD70084C}.Release|Any CPU.Build.0 = Release|Any CPU
		{38BF2B21-5EA7-4A88-8269-1AAFDA5E9F09}.Debug|Any CPU.ActiveCfg = Debug|Any CPU
		{38BF2B21-5EA7-4A88-8269-1AAFDA5E9F09}.Debug|Any CPU.Build.0 = Debug|Any CPU
		{38BF2B21-5EA7-4A88-8269-1AAFDA5E9F09}.Release|Any CPU.ActiveCfg = Release|Any CPU
		{38BF2B21-5EA7-4A88-8269-1AAFDA5E9F09}.Release|Any CPU.Build.0 = Release|Any CPU
		{0427D923-83FE-4C5C-8AE5-30533A6FACC8}.Debug|Any CPU.ActiveCfg = Debug|Any CPU
		{0427D923-83FE-4C5C-8AE5-30533A6FACC8}.Debug|Any CPU.Build.0 = Debug|Any CPU
		{0427D923-83FE-4C5C-8AE5-30533A6FACC8}.Release|Any CPU.ActiveCfg = Release|Any CPU
		{0427D923-83FE-4C5C-8AE5-30533A6FACC8}.Release|Any CPU.Build.0 = Release|Any CPU
	EndGlobalSection
	GlobalSection(SolutionProperties) = preSolution
		HideSolutionNode = FALSE
	EndGlobalSection
	GlobalSection(ExtensibilityGlobals) = postSolution
		SolutionGuid = {CEB29780-4F3F-4BEC-8DF1-3411BA3F4346}
	EndGlobalSection
EndGlobal
